
Microsoft Visual Studio Solution File, Format Version 12.00
# Visual Studio Version 17
VisualStudioVersion = 17.8.34330.188
MinimumVisualStudioVersion = 10.0.40219.1
Project("{FAE04EC0-301F-11D3-BF4B-00C04F79EFBC}") = "Putri Dwiky Setyawan (26)", "Putri Dwiky Setyawan (26).csproj", "{D3A04AE8-5EB6-4BFE-91AA-303AD88D76CB}"
EndProject
Global
	GlobalSection(SolutionConfigurationPlatforms) = preSolution
		Debug|Any CPU = Debug|Any CPU
		Release|Any CPU = Release|Any CPU
	EndGlobalSection
	GlobalSection(ProjectConfigurationPlatforms) = postSolution
		{D3A04AE8-5EB6-4BFE-91AA-303AD88D76CB}.Debug|Any CPU.ActiveCfg = Debug|Any CPU
		{D3A04AE8-5EB6-4BFE-91AA-303AD88D76CB}.Debug|Any CPU.Build.0 = Debug|Any CPU
		{D3A04AE8-5EB6-4BFE-91AA-303AD88D76CB}.Release|Any CPU.ActiveCfg = Release|Any CPU
		{D3A04AE8-5EB6-4BFE-91AA-303AD88D76CB}.Release|Any CPU.Build.0 = Release|Any CPU
	EndGlobalSection
	GlobalSection(SolutionProperties) = preSolution
		HideSolutionNode = FALSE
	EndGlobalSection
	GlobalSection(ExtensibilityGlobals) = postSolution
		SolutionGuid = {55FF9954-0063-428D-86FE-17C08883EC08}
	EndGlobalSection
EndGlobal
